// !$*UTF8*$!
{
	archiveVersion = 1;
	classes = {
	};
	objectVersion = 50;
	objects = {

/* Begin PBXBuildFile section */
		180834EE22F96C17006BDF1C /* Ball.m in Sources */ = {isa = PBXBuildFile; fileRef = 180834ED22F96C17006BDF1C /* Ball.m */; };
		180A0F8D22F1A2C400AD2887 /* V2iAppDelegate.m in Sources */ = {isa = PBXBuildFile; fileRef = 180A0F8C22F1A2C400AD2887 /* V2iAppDelegate.m */; };
		180A0F9022F1A2C400AD2887 /* ViewController.m in Sources */ = {isa = PBXBuildFile; fileRef = 180A0F8F22F1A2C400AD2887 /* ViewController.m */; };
		180A0F9822F1A2C500AD2887 /* LaunchScreen.storyboard in Resources */ = {isa = PBXBuildFile; fileRef = 180A0F9622F1A2C500AD2887 /* LaunchScreen.storyboard */; };
		180A0F9B22F1A2C500AD2887 /* main.m in Sources */ = {isa = PBXBuildFile; fileRef = 180A0F9A22F1A2C500AD2887 /* main.m */; };
		18B979A0235712DB002CFC9D /* V2iRootViewController.m in Sources */ = {isa = PBXBuildFile; fileRef = 18B9799F235712DB002CFC9D /* V2iRootViewController.m */; };
		18B979A223571CC9002CFC9D /* Images.xcassets in Resources */ = {isa = PBXBuildFile; fileRef = 18B979A123571CC9002CFC9D /* Images.xcassets */; };
		B9FB5D1BBB33E543975FAC7E /* libPods-TimeToTime.a in Frameworks */ = {isa = PBXBuildFile; fileRef = 5E9301AF00EBCDB5756A9AE4 /* libPods-TimeToTime.a */; };
/* End PBXBuildFile section */

/* Begin PBXFileReference section */
		180834EC22F96C17006BDF1C /* Ball.h */ = {isa = PBXFileReference; lastKnownFileType = sourcecode.c.h; path = Ball.h; sourceTree = "<group>"; };
		180834ED22F96C17006BDF1C /* Ball.m */ = {isa = PBXFileReference; lastKnownFileType = sourcecode.c.objc; path = Ball.m; sourceTree = "<group>"; };
		180A0F8822F1A2C400AD2887 /* TimeToTime.app */ = {isa = PBXFileReference; explicitFileType = wrapper.application; includeInIndex = 0; path = TimeToTime.app; sourceTree = BUILT_PRODUCTS_DIR; };
		180A0F8B22F1A2C400AD2887 /* V2iAppDelegate.h */ = {isa = PBXFileReference; lastKnownFileType = sourcecode.c.h; path = V2iAppDelegate.h; sourceTree = "<group>"; };
		180A0F8C22F1A2C400AD2887 /* V2iAppDelegate.m */ = {isa = PBXFileReference; lastKnownFileType = sourcecode.c.objc; path = V2iAppDelegate.m; sourceTree = "<group>"; };
		180A0F8E22F1A2C400AD2887 /* ViewController.h */ = {isa = PBXFileReference; lastKnownFileType = sourcecode.c.h; path = ViewController.h; sourceTree = "<group>"; };
		180A0F8F22F1A2C400AD2887 /* ViewController.m */ = {isa = PBXFileReference; lastKnownFileType = sourcecode.c.objc; path = ViewController.m; sourceTree = "<group>"; };
		180A0F9722F1A2C500AD2887 /* Base */ = {isa = PBXFileReference; lastKnownFileType = file.storyboard; name = Base; path = Base.lproj/LaunchScreen.storyboard; sourceTree = "<group>"; };
		180A0F9922F1A2C500AD2887 /* Info.plist */ = {isa = PBXFileReference; lastKnownFileType = text.plist.xml; path = Info.plist; sourceTree = "<group>"; };
		180A0F9A22F1A2C500AD2887 /* main.m */ = {isa = PBXFileReference; lastKnownFileType = sourcecode.c.objc; path = main.m; sourceTree = "<group>"; };
		18B9799E235712DB002CFC9D /* V2iRootViewController.h */ = {isa = PBXFileReference; lastKnownFileType = sourcecode.c.h; path = V2iRootViewController.h; sourceTree = "<group>"; };
		18B9799F235712DB002CFC9D /* V2iRootViewController.m */ = {isa = PBXFileReference; lastKnownFileType = sourcecode.c.objc; path = V2iRootViewController.m; sourceTree = "<group>"; };
		18B979A123571CC9002CFC9D /* Images.xcassets */ = {isa = PBXFileReference; lastKnownFileType = folder.assetcatalog; path = Images.xcassets; sourceTree = "<group>"; };
		5E9301AF00EBCDB5756A9AE4 /* libPods-TimeToTime.a */ = {isa = PBXFileReference; explicitFileType = archive.ar; includeInIndex = 0; path = "libPods-TimeToTime.a"; sourceTree = BUILT_PRODUCTS_DIR; };
		DB56C54C0F279CAF3D263DCE /* Pods-TimeToTime.debug.xcconfig */ = {isa = PBXFileReference; includeInIndex = 1; lastKnownFileType = text.xcconfig; name = "Pods-TimeToTime.debug.xcconfig"; path = "Target Support Files/Pods-TimeToTime/Pods-TimeToTime.debug.xcconfig"; sourceTree = "<group>"; };
		FA680CD220E1480F4B4C495B /* Pods-TimeToTime.release.xcconfig */ = {isa = PBXFileReference; includeInIndex = 1; lastKnownFileType = text.xcconfig; name = "Pods-TimeToTime.release.xcconfig"; path = "Target Support Files/Pods-TimeToTime/Pods-TimeToTime.release.xcconfig"; sourceTree = "<group>"; };
/* End PBXFileReference section */

/* Begin PBXFrameworksBuildPhase section */
		180A0F8522F1A2C400AD2887 /* Frameworks */ = {
			isa = PBXFrameworksBuildPhase;
			buildActionMask = 2147483647;
			files = (
				B9FB5D1BBB33E543975FAC7E /* libPods-TimeToTime.a in Frameworks */,
			);
			runOnlyForDeploymentPostprocessing = 0;
		};
/* End PBXFrameworksBuildPhase section */

/* Begin PBXGroup section */
		02D3D8ACEA2CAA2CF21E4C89 /* Pods */ = {
			isa = PBXGroup;
			children = (
				DB56C54C0F279CAF3D263DCE /* Pods-TimeToTime.debug.xcconfig */,
				FA680CD220E1480F4B4C495B /* Pods-TimeToTime.release.xcconfig */,
			);
			path = Pods;
			sourceTree = "<group>";
		};
		180A0F7F22F1A2C400AD2887 = {
			isa = PBXGroup;
			children = (
				180A0F8A22F1A2C400AD2887 /* TimeToTime */,
				180A0F8922F1A2C400AD2887 /* Products */,
				02D3D8ACEA2CAA2CF21E4C89 /* Pods */,
				8D7D8AF37FB808739616A987 /* Frameworks */,
			);
			sourceTree = "<group>";
		};
		180A0F8922F1A2C400AD2887 /* Products */ = {
			isa = PBXGroup;
			children = (
				180A0F8822F1A2C400AD2887 /* TimeToTime.app */,
			);
			name = Products;
			sourceTree = "<group>";
		};
		180A0F8A22F1A2C400AD2887 /* TimeToTime */ = {
			isa = PBXGroup;
			children = (
				18B9799B235712B1002CFC9D /* Additions */,
				18B9799A235712B1002CFC9D /* Controller */,
				18B9799D235712B1002CFC9D /* Managers */,
				18B9799C235712B1002CFC9D /* Models */,
				18B97999235712B1002CFC9D /* Views */,
				180A0F8B22F1A2C400AD2887 /* V2iAppDelegate.h */,
				180A0F8C22F1A2C400AD2887 /* V2iAppDelegate.m */,
				180A0F8E22F1A2C400AD2887 /* ViewController.h */,
				180A0F8F22F1A2C400AD2887 /* ViewController.m */,
				180834EC22F96C17006BDF1C /* Ball.h */,
				180834ED22F96C17006BDF1C /* Ball.m */,
				18B979A123571CC9002CFC9D /* Images.xcassets */,
				180A0F9622F1A2C500AD2887 /* LaunchScreen.storyboard */,
				180A0F9922F1A2C500AD2887 /* Info.plist */,
				180A0F9A22F1A2C500AD2887 /* main.m */,
			);
			path = TimeToTime;
			sourceTree = "<group>";
		};
		18B97999235712B1002CFC9D /* Views */ = {
			isa = PBXGroup;
			children = (
			);
			path = Views;
			sourceTree = "<group>";
		};
		18B9799A235712B1002CFC9D /* Controller */ = {
			isa = PBXGroup;
			children = (
				18B9799E235712DB002CFC9D /* V2iRootViewController.h */,
				18B9799F235712DB002CFC9D /* V2iRootViewController.m */,
			);
			path = Controller;
			sourceTree = "<group>";
		};
		18B9799B235712B1002CFC9D /* Additions */ = {
			isa = PBXGroup;
			children = (
			);
			path = Additions;
			sourceTree = "<group>";
		};
		18B9799C235712B1002CFC9D /* Models */ = {
			isa = PBXGroup;
			children = (
			);
			path = Models;
			sourceTree = "<group>";
		};
		18B9799D235712B1002CFC9D /* Managers */ = {
			isa = PBXGroup;
			children = (
			);
			path = Managers;
			sourceTree = "<group>";
		};
		8D7D8AF37FB808739616A987 /* Frameworks */ = {
			isa = PBXGroup;
			children = (
				5E9301AF00EBCDB5756A9AE4 /* libPods-TimeToTime.a */,
			);
			name = Frameworks;
			sourceTree = "<group>";
		};
/* End PBXGroup section */

/* Begin PBXNativeTarget section */
		180A0F8722F1A2C400AD2887 /* TimeToTime */ = {
			isa = PBXNativeTarget;
			buildConfigurationList = 180A0F9E22F1A2C500AD2887 /* Build configuration list for PBXNativeTarget "TimeToTime" */;
			buildPhases = (
				AD04B710E10ACC9F88687F4E /* [CP] Check Pods Manifest.lock */,
				180A0F8422F1A2C400AD2887 /* Sources */,
				180A0F8522F1A2C400AD2887 /* Frameworks */,
				180A0F8622F1A2C400AD2887 /* Resources */,
			);
			buildRules = (
			);
			dependencies = (
			);
			name = TimeToTime;
			productName = TimeToTime;
			productReference = 180A0F8822F1A2C400AD2887 /* TimeToTime.app */;
			productType = "com.apple.product-type.application";
		};
/* End PBXNativeTarget section */

/* Begin PBXProject section */
		180A0F8022F1A2C400AD2887 /* Project object */ = {
			isa = PBXProject;
			attributes = {
				LastUpgradeCheck = 1020;
				ORGANIZATIONNAME = Apple;
				TargetAttributes = {
					180A0F8722F1A2C400AD2887 = {
						CreatedOnToolsVersion = 10.2.1;
					};
				};
			};
			buildConfigurationList = 180A0F8322F1A2C400AD2887 /* Build configuration list for PBXProject "TimeToTime" */;
			compatibilityVersion = "Xcode 9.3";
			developmentRegion = en;
			hasScannedForEncodings = 0;
			knownRegions = (
				en,
				Base,
			);
			mainGroup = 180A0F7F22F1A2C400AD2887;
			productRefGroup = 180A0F8922F1A2C400AD2887 /* Products */;
			projectDirPath = "";
			projectRoot = "";
			targets = (
				180A0F8722F1A2C400AD2887 /* TimeToTime */,
			);
		};
/* End PBXProject section */

/* Begin PBXResourcesBuildPhase section */
		180A0F8622F1A2C400AD2887 /* Resources */ = {
			isa = PBXResourcesBuildPhase;
			buildActionMask = 2147483647;
			files = (
				180A0F9822F1A2C500AD2887 /* LaunchScreen.storyboard in Resources */,
				18B979A223571CC9002CFC9D /* Images.xcassets in Resources */,
			);
			runOnlyForDeploymentPostprocessing = 0;
		};
/* End PBXResourcesBuildPhase section */

/* Begin PBXShellScriptBuildPhase section */
		AD04B710E10ACC9F88687F4E /* [CP] Check Pods Manifest.lock */ = {
			isa = PBXShellScriptBuildPhase;
			buildActionMask = 2147483647;
			files = (
			);
			inputFileListPaths = (
			);
			inputPaths = (
				"${PODS_PODFILE_DIR_PATH}/Podfile.lock",
				"${PODS_ROOT}/Manifest.lock",
			);
			name = "[CP] Check Pods Manifest.lock";
			outputFileListPaths = (
			);
			outputPaths = (
				"$(DERIVED_FILE_DIR)/Pods-TimeToTime-checkManifestLockResult.txt",
			);
			runOnlyForDeploymentPostprocessing = 0;
			shellPath = /bin/sh;
			shellScript = "diff \"${PODS_PODFILE_DIR_PATH}/Podfile.lock\" \"${PODS_ROOT}/Manifest.lock\" > /dev/null\nif [ $? != 0 ] ; then\n    # print error to STDERR\n    echo \"error: The sandbox is not in sync with the Podfile.lock. Run 'pod install' or update your CocoaPods installation.\" >&2\n    exit 1\nfi\n# This output is used by Xcode 'outputs' to avoid re-running this script phase.\necho \"SUCCESS\" > \"${SCRIPT_OUTPUT_FILE_0}\"\n";
			showEnvVarsInLog = 0;
		};
/* End PBXShellScriptBuildPhase section */

/* Begin PBXSourcesBuildPhase section */
		180A0F8422F1A2C400AD2887 /* Sources */ = {
			isa = PBXSourcesBuildPhase;
			buildActionMask = 2147483647;
			files = (
				180834EE22F96C17006BDF1C /* Ball.m in Sources */,
				180A0F9022F1A2C400AD2887 /* ViewController.m in Sources */,
				18B979A0235712DB002CFC9D /* V2iRootViewController.m in Sources */,
				180A0F9B22F1A2C500AD2887 /* main.m in Sources */,
				180A0F8D22F1A2C400AD2887 /* V2iAppDelegate.m in Sources */,
			);
			runOnlyForDeploymentPostprocessing = 0;
		};
/* End PBXSourcesBuildPhase section */

/* Begin PBXVariantGroup section */
		180A0F9622F1A2C500AD2887 /* LaunchScreen.storyboard */ = {
			isa = PBXVariantGroup;
			children = (
				180A0F9722F1A2C500AD2887 /* Base */,
			);
			name = LaunchScreen.storyboard;
			sourceTree = "<group>";
		};
/* End PBXVariantGroup section */

/* Begin XCBuildConfiguration section */
		180A0F9C22F1A2C500AD2887 /* Debug */ = {
			isa = XCBuildConfiguration;
			buildSettings = {
				ALWAYS_SEARCH_USER_PATHS = NO;
				CLANG_ANALYZER_NONNULL = YES;
				CLANG_ANALYZER_NUMBER_OBJECT_CONVERSION = YES_AGGRESSIVE;
				CLANG_CXX_LANGUAGE_STANDARD = "gnu++14";
				CLANG_CXX_LIBRARY = "libc++";
				CLANG_ENABLE_MODULES = YES;
				CLANG_ENABLE_OBJC_ARC = YES;
				CLANG_ENABLE_OBJC_WEAK = YES;
				CLANG_WARN_BLOCK_CAPTURE_AUTORELEASING = YES;
				CLANG_WARN_BOOL_CONVERSION = YES;
				CLANG_WARN_COMMA = YES;
				CLANG_WARN_CONSTANT_CONVERSION = YES;
				CLANG_WARN_DEPRECATED_OBJC_IMPLEMENTATIONS = YES;
				CLANG_WARN_DIRECT_OBJC_ISA_USAGE = YES_ERROR;
				CLANG_WARN_DOCUMENTATION_COMMENTS = YES;
				CLANG_WARN_EMPTY_BODY = YES;
				CLANG_WARN_ENUM_CONVERSION = YES;
				CLANG_WARN_INFINITE_RECURSION = YES;
				CLANG_WARN_INT_CONVERSION = YES;
				CLANG_WARN_NON_LITERAL_NULL_CONVERSION = YES;
				CLANG_WARN_OBJC_IMPLICIT_RETAIN_SELF = YES;
				CLANG_WARN_OBJC_LITERAL_CONVERSION = YES;
				CLANG_WARN_OBJC_ROOT_CLASS = YES_ERROR;
				CLANG_WARN_RANGE_LOOP_ANALYSIS = YES;
				CLANG_WARN_STRICT_PROTOTYPES = YES;
				CLANG_WARN_SUSPICIOUS_MOVE = YES;
				CLANG_WARN_UNGUARDED_AVAILABILITY = YES_AGGRESSIVE;
				CLANG_WARN_UNREACHABLE_CODE = YES;
				CLANG_WARN__DUPLICATE_METHOD_MATCH = YES;
				CODE_SIGN_IDENTITY = "iPhone Developer";
				COPY_PHASE_STRIP = NO;
				DEBUG_INFORMATION_FORMAT = dwarf;
				ENABLE_STRICT_OBJC_MSGSEND = YES;
				ENABLE_TESTABILITY = YES;
				GCC_C_LANGUAGE_STANDARD = gnu11;
				GCC_DYNAMIC_NO_PIC = NO;
				GCC_NO_COMMON_BLOCKS = YES;
				GCC_OPTIMIZATION_LEVEL = 0;
				GCC_PREPROCESSOR_DEFINITIONS = (
					"DEBUG=1",
					"$(inherited)",
				);
				GCC_WARN_64_TO_32_BIT_CONVERSION = YES;
				GCC_WARN_ABOUT_RETURN_TYPE = YES_ERROR;
				GCC_WARN_UNDECLARED_SELECTOR = YES;
				GCC_WARN_UNINITIALIZED_AUTOS = YES_AGGRESSIVE;
				GCC_WARN_UNUSED_FUNCTION = YES;
				GCC_WARN_UNUSED_VARIABLE = YES;
				IPHONEOS_DEPLOYMENT_TARGET = 12.2;
				MTL_ENABLE_DEBUG_INFO = INCLUDE_SOURCE;
				MTL_FAST_MATH = YES;
				ONLY_ACTIVE_ARCH = YES;
				SDKROOT = iphoneos;
			};
			name = Debug;
		};
		180A0F9D22F1A2C500AD2887 /* Release */ = {
			isa = XCBuildConfiguration;
			buildSettings = {
				ALWAYS_SEARCH_USER_PATHS = NO;
				CLANG_ANALYZER_NONNULL = YES;
				CLANG_ANALYZER_NUMBER_OBJECT_CONVERSION = YES_AGGRESSIVE;
				CLANG_CXX_LANGUAGE_STANDARD = "gnu++14";
				CLANG_CXX_LIBRARY = "libc++";
				CLANG_ENABLE_MODULES = YES;
				CLANG_ENABLE_OBJC_ARC = YES;
				CLANG_ENABLE_OBJC_WEAK = YES;
				CLANG_WARN_BLOCK_CAPTURE_AUTORELEASING = YES;
				CLANG_WARN_BOOL_CONVERSION = YES;
				CLANG_WARN_COMMA = YES;
				CLANG_WARN_CONSTANT_CONVERSION = YES;
				CLANG_WARN_DEPRECATED_OBJC_IMPLEMENTATIONS = YES;
				CLANG_WARN_DIRECT_OBJC_ISA_USAGE = YES_ERROR;
				CLANG_WARN_DOCUMENTATION_COMMENTS = YES;
				CLANG_WARN_EMPTY_BODY = YES;
				CLANG_WARN_ENUM_CONVERSION = YES;
				CLANG_WARN_INFINITE_RECURSION = YES;
				CLANG_WARN_INT_CONVERSION = YES;
				CLANG_WARN_NON_LITERAL_NULL_CONVERSION = YES;
				CLANG_WARN_OBJC_IMPLICIT_RETAIN_SELF = YES;
				CLANG_WARN_OBJC_LITERAL_CONVERSION = YES;
				CLANG_WARN_OBJC_ROOT_CLASS = YES_ERROR;
				CLANG_WARN_RANGE_LOOP_ANALYSIS = YES;
				CLANG_WARN_STRICT_PROTOTYPES = YES;
				CLANG_WARN_SUSPICIOUS_MOVE = YES;
				CLANG_WARN_UNGUARDED_AVAILABILITY = YES_AGGRESSIVE;
				CLANG_WARN_UNREACHABLE_CODE = YES;
				CLANG_WARN__DUPLICATE_METHOD_MATCH = YES;
				CODE_SIGN_IDENTITY = "iPhone Developer";
				COPY_PHASE_STRIP = NO;
				DEBUG_INFORMATION_FORMAT = "dwarf-with-dsym";
				ENABLE_NS_ASSERTIONS = NO;
				ENABLE_STRICT_OBJC_MSGSEND = YES;
				GCC_C_LANGUAGE_STANDARD = gnu11;
				GCC_NO_COMMON_BLOCKS = YES;
				GCC_WARN_64_TO_32_BIT_CONVERSION = YES;
				GCC_WARN_ABOUT_RETURN_TYPE = YES_ERROR;
				GCC_WARN_UNDECLARED_SELECTOR = YES;
				GCC_WARN_UNINITIALIZED_AUTOS = YES_AGGRESSIVE;
				GCC_WARN_UNUSED_FUNCTION = YES;
				GCC_WARN_UNUSED_VARIABLE = YES;
				IPHONEOS_DEPLOYMENT_TARGET = 12.2;
				MTL_ENABLE_DEBUG_INFO = NO;
				MTL_FAST_MATH = YES;
				SDKROOT = iphoneos;
				VALIDATE_PRODUCT = YES;
			};
			name = Release;
		};
		180A0F9F22F1A2C500AD2887 /* Debug */ = {
			isa = XCBuildConfiguration;
			baseConfigurationReference = DB56C54C0F279CAF3D263DCE /* Pods-TimeToTime.debug.xcconfig */;
			buildSettings = {
				ASSETCATALOG_COMPILER_APPICON_NAME = AppIcon;
				CODE_SIGN_STYLE = Automatic;
				DEVELOPMENT_TEAM = 2ZQA28SEBC;
				INFOPLIST_FILE = TimeToTime/Info.plist;
				IPHONEOS_DEPLOYMENT_TARGET = 10.3;
				LD_RUNPATH_SEARCH_PATHS = (
					"$(inherited)",
					"@executable_path/Frameworks",
				);
				PRODUCT_BUNDLE_IDENTIFIER = com.test.TimeToTim;
				PRODUCT_NAME = "$(TARGET_NAME)";
				TARGETED_DEVICE_FAMILY = "1,2";
				USER_HEADER_SEARCH_PATHS = "${SDK_DIR}/usr/include/libxml2";
			};
			name = Debug;
		};
		180A0FA022F1A2C500AD2887 /* Release */ = {
			isa = XCBuildConfiguration;
			baseConfigurationReference = FA680CD220E1480F4B4C495B /* Pods-TimeToTime.release.xcconfig */;
			buildSettings = {
				ASSETCATALOG_COMPILER_APPICON_NAME = AppIcon;
				CODE_SIGN_STYLE = Automatic;
				DEVELOPMENT_TEAM = 2ZQA28SEBC;
				INFOPLIST_FILE = TimeToTime/Info.plist;
				IPHONEOS_DEPLOYMENT_TARGET = 10.3;
				LD_RUNPATH_SEARCH_PATHS = (
					"$(inherited)",
					"@executable_path/Frameworks",
				);
				PRODUCT_BUNDLE_IDENTIFIER = com.test.TimeToTim;
				PRODUCT_NAME = "$(TARGET_NAME)";
				TARGETED_DEVICE_FAMILY = "1,2";
				USER_HEADER_SEARCH_PATHS = "${SDK_DIR}/usr/include/libxml2";
			};
			name = Release;
		};
/* End XCBuildConfiguration section */

/* Begin XCConfigurationList section */
		180A0F8322F1A2C400AD2887 /* Build configuration list for PBXProject "TimeToTime" */ = {
			isa = XCConfigurationList;
			buildConfigurations = (
				180A0F9C22F1A2C500AD2887 /* Debug */,
				180A0F9D22F1A2C500AD2887 /* Release */,
			);
			defaultConfigurationIsVisible = 0;
			defaultConfigurationName = Release;
		};
		180A0F9E22F1A2C500AD2887 /* Build configuration list for PBXNativeTarget "TimeToTime" */ = {
			isa = XCConfigurationList;
			buildConfigurations = (
				180A0F9F22F1A2C500AD2887 /* Debug */,
				180A0FA022F1A2C500AD2887 /* Release */,
			);
			defaultConfigurationIsVisible = 0;
			defaultConfigurationName = Release;
		};
/* End XCConfigurationList section */
	};
	rootObject = 180A0F8022F1A2C400AD2887 /* Project object */;
}
